<?xml version="1.0" encoding="UTF-8"?>
<Scheme
   version = "1.3">
   <BuildAction>
      <BuildActionEntries>
         <BuildActionEntry
            buildForRunning = "YES">
            <BuildableReference
               BuildableIdentifier = "primary"
               BlueprintIdentifier = "8A1B3F8E203D16A0007AA7CF"
               BuildableName = "charlesTrader.app"
               BlueprintName = "charlesTrader"
               ReferencedContainer = "container:charlesTrader.xcodeproj">
            </BuildableReference>
         </BuildActionEntry>
      </BuildActionEntries>
   </BuildAction>
   <LaunchAction
      useCustomWorkingDirectory = "NO"
      buildConfiguration = "Debug">
      <BuildableProductRunnable>
         <BuildableReference
            BuildableIdentifier = "primary"
            BlueprintIdentifier = "8A1B3F8E203D16A0007AA7CF"
            BuildableName = "charlesTrader.app"
            BlueprintName = "charlesTrader"
            ReferencedContainer = "container:charlesTrader.xcodeproj">
         </BuildableReference>
      </BuildableProductRunnable>
   </LaunchAction>
</Scheme>
